
Microsoft Visual Studio Solution File, Format Version 11.00
# Visual Studio 2010
Project("{FAE04EC0-301F-11D3-BF4B-00C04F79EFBC}") = "rust-mapper", "Facepunch.System.csproj", "{A85D823E-C79E-E172-75C9-D7ED36E11A79}"
EndProject
Project("{FAE04EC0-301F-11D3-BF4B-00C04F79EFBC}") = "rust-mapper", "Assembly-CSharp.csproj", "{E8C114C2-B7F2-5882-8F9E-658F7B0CF232}"
EndProject
Project("{FAE04EC0-301F-11D3-BF4B-00C04F79EFBC}") = "rust-mapper", "NewAssembly.csproj", "{AE035B31-0795-F5E0-0EF7-3BF0D4A7BBEF}"
EndProject
Project("{FAE04EC0-301F-11D3-BF4B-00C04F79EFBC}") = "rust-mapper", "Rust.World.csproj", "{42C29650-237C-60F8-345A-85665B07855B}"
EndProject
Project("{FAE04EC0-301F-11D3-BF4B-00C04F79EFBC}") = "rust-mapper", "Assembly-CSharp-Editor.csproj", "{5E424434-9D96-9AC5-D6D1-432F53BA4135}"
EndProject
Global
	GlobalSection(SolutionConfigurationPlatforms) = preSolution
		Debug|Any CPU = Debug|Any CPU
		Release|Any CPU = Release|Any CPU
	EndGlobalSection
	GlobalSection(ProjectConfigurationPlatforms) = postSolution
		{A85D823E-C79E-E172-75C9-D7ED36E11A79}.Debug|Any CPU.ActiveCfg = Debug|Any CPU
		{A85D823E-C79E-E172-75C9-D7ED36E11A79}.Debug|Any CPU.Build.0 = Debug|Any CPU
		{A85D823E-C79E-E172-75C9-D7ED36E11A79}.Release|Any CPU.ActiveCfg = Release|Any CPU
		{A85D823E-C79E-E172-75C9-D7ED36E11A79}.Release|Any CPU.Build.0 = Release|Any CPU
		{E8C114C2-B7F2-5882-8F9E-658F7B0CF232}.Debug|Any CPU.ActiveCfg = Debug|Any CPU
		{E8C114C2-B7F2-5882-8F9E-658F7B0CF232}.Debug|Any CPU.Build.0 = Debug|Any CPU
		{E8C114C2-B7F2-5882-8F9E-658F7B0CF232}.Release|Any CPU.ActiveCfg = Release|Any CPU
		{E8C114C2-B7F2-5882-8F9E-658F7B0CF232}.Release|Any CPU.Build.0 = Release|Any CPU
		{AE035B31-0795-F5E0-0EF7-3BF0D4A7BBEF}.Debug|Any CPU.ActiveCfg = Debug|Any CPU
		{AE035B31-0795-F5E0-0EF7-3BF0D4A7BBEF}.Debug|Any CPU.Build.0 = Debug|Any CPU
		{AE035B31-0795-F5E0-0EF7-3BF0D4A7BBEF}.Release|Any CPU.ActiveCfg = Release|Any CPU
		{AE035B31-0795-F5E0-0EF7-3BF0D4A7BBEF}.Release|Any CPU.Build.0 = Release|Any CPU
		{42C29650-237C-60F8-345A-85665B07855B}.Debug|Any CPU.ActiveCfg = Debug|Any CPU
		{42C29650-237C-60F8-345A-85665B07855B}.Debug|Any CPU.Build.0 = Debug|Any CPU
		{42C29650-237C-60F8-345A-85665B07855B}.Release|Any CPU.ActiveCfg = Release|Any CPU
		{42C29650-237C-60F8-345A-85665B07855B}.Release|Any CPU.Build.0 = Release|Any CPU
		{5E424434-9D96-9AC5-D6D1-432F53BA4135}.Debug|Any CPU.ActiveCfg = Debug|Any CPU
		{5E424434-9D96-9AC5-D6D1-432F53BA4135}.Debug|Any CPU.Build.0 = Debug|Any CPU
		{5E424434-9D96-9AC5-D6D1-432F53BA4135}.Release|Any CPU.ActiveCfg = Release|Any CPU
		{5E424434-9D96-9AC5-D6D1-432F53BA4135}.Release|Any CPU.Build.0 = Release|Any CPU
	EndGlobalSection
	GlobalSection(SolutionProperties) = preSolution
		HideSolutionNode = FALSE
	EndGlobalSection
	GlobalSection(MonoDevelopProperties) = preSolution
		StartupItem = Assembly-CSharp.csproj
	EndGlobalSection
EndGlobal
