
Microsoft Visual Studio Solution File, Format Version 11.00
# Visual Studio 2010
Project("{FAE04EC0-301F-11D3-BF4B-00C04F79EFBC}") = "Dezinated's Rust Map Editor", "Facepunch.System.csproj", "{417B88EF-751E-1134-CFC3-7A5763DE09BF}"
EndProject
Project("{FAE04EC0-301F-11D3-BF4B-00C04F79EFBC}") = "Dezinated's Rust Map Editor", "Assembly-CSharp.csproj", "{F2A2823D-C354-6DE9-6B2C-A662C42D221B}"
EndProject
Project("{FAE04EC0-301F-11D3-BF4B-00C04F79EFBC}") = "Dezinated's Rust Map Editor", "NewAssembly.csproj", "{734A53B6-A349-C6A0-E2B3-294917BF59E1}"
EndProject
Project("{FAE04EC0-301F-11D3-BF4B-00C04F79EFBC}") = "Dezinated's Rust Map Editor", "Rust.World.csproj", "{16781FAE-F09A-9092-5D69-8F927C39793C}"
EndProject
Project("{FAE04EC0-301F-11D3-BF4B-00C04F79EFBC}") = "Dezinated's Rust Map Editor", "Assembly-CSharp-Editor.csproj", "{3BD60398-E1E5-0B36-311D-2A4DCDEEAF67}"
EndProject
Global
	GlobalSection(SolutionConfigurationPlatforms) = preSolution
		Debug|Any CPU = Debug|Any CPU
		Release|Any CPU = Release|Any CPU
	EndGlobalSection
	GlobalSection(ProjectConfigurationPlatforms) = postSolution
		{417B88EF-751E-1134-CFC3-7A5763DE09BF}.Debug|Any CPU.ActiveCfg = Debug|Any CPU
		{417B88EF-751E-1134-CFC3-7A5763DE09BF}.Debug|Any CPU.Build.0 = Debug|Any CPU
		{417B88EF-751E-1134-CFC3-7A5763DE09BF}.Release|Any CPU.ActiveCfg = Release|Any CPU
		{417B88EF-751E-1134-CFC3-7A5763DE09BF}.Release|Any CPU.Build.0 = Release|Any CPU
		{F2A2823D-C354-6DE9-6B2C-A662C42D221B}.Debug|Any CPU.ActiveCfg = Debug|Any CPU
		{F2A2823D-C354-6DE9-6B2C-A662C42D221B}.Debug|Any CPU.Build.0 = Debug|Any CPU
		{F2A2823D-C354-6DE9-6B2C-A662C42D221B}.Release|Any CPU.ActiveCfg = Release|Any CPU
		{F2A2823D-C354-6DE9-6B2C-A662C42D221B}.Release|Any CPU.Build.0 = Release|Any CPU
		{734A53B6-A349-C6A0-E2B3-294917BF59E1}.Debug|Any CPU.ActiveCfg = Debug|Any CPU
		{734A53B6-A349-C6A0-E2B3-294917BF59E1}.Debug|Any CPU.Build.0 = Debug|Any CPU
		{734A53B6-A349-C6A0-E2B3-294917BF59E1}.Release|Any CPU.ActiveCfg = Release|Any CPU
		{734A53B6-A349-C6A0-E2B3-294917BF59E1}.Release|Any CPU.Build.0 = Release|Any CPU
		{16781FAE-F09A-9092-5D69-8F927C39793C}.Debug|Any CPU.ActiveCfg = Debug|Any CPU
		{16781FAE-F09A-9092-5D69-8F927C39793C}.Debug|Any CPU.Build.0 = Debug|Any CPU
		{16781FAE-F09A-9092-5D69-8F927C39793C}.Release|Any CPU.ActiveCfg = Release|Any CPU
		{16781FAE-F09A-9092-5D69-8F927C39793C}.Release|Any CPU.Build.0 = Release|Any CPU
		{3BD60398-E1E5-0B36-311D-2A4DCDEEAF67}.Debug|Any CPU.ActiveCfg = Debug|Any CPU
		{3BD60398-E1E5-0B36-311D-2A4DCDEEAF67}.Debug|Any CPU.Build.0 = Debug|Any CPU
		{3BD60398-E1E5-0B36-311D-2A4DCDEEAF67}.Release|Any CPU.ActiveCfg = Release|Any CPU
		{3BD60398-E1E5-0B36-311D-2A4DCDEEAF67}.Release|Any CPU.Build.0 = Release|Any CPU
	EndGlobalSection
	GlobalSection(SolutionProperties) = preSolution
		HideSolutionNode = FALSE
	EndGlobalSection
	GlobalSection(MonoDevelopProperties) = preSolution
		StartupItem = Assembly-CSharp.csproj
	EndGlobalSection
EndGlobal
